
Microsoft Visual Studio Solution File, Format Version 12.00
# Visual Studio Version 16
VisualStudioVersion = 16.0.29009.5
MinimumVisualStudioVersion = 10.0.40219.1
Project("{FAE04EC0-301F-11D3-BF4B-00C04F79EFBC}") = "MailSender_HW", "MailSender_HW\MailSender_HW.csproj", "{055538D7-E24E-4CA1-8930-CAB56B9DB5F5}"
EndProject
Global
	GlobalSection(SolutionConfigurationPlatforms) = preSolution
		Debug|Any CPU = Debug|Any CPU
		Release|Any CPU = Release|Any CPU
	EndGlobalSection
	GlobalSection(ProjectConfigurationPlatforms) = postSolution
		{055538D7-E24E-4CA1-8930-CAB56B9DB5F5}.Debug|Any CPU.ActiveCfg = Debug|Any CPU
		{055538D7-E24E-4CA1-8930-CAB56B9DB5F5}.Debug|Any CPU.Build.0 = Debug|Any CPU
		{055538D7-E24E-4CA1-8930-CAB56B9DB5F5}.Release|Any CPU.ActiveCfg = Release|Any CPU
		{055538D7-E24E-4CA1-8930-CAB56B9DB5F5}.Release|Any CPU.Build.0 = Release|Any CPU
	EndGlobalSection
	GlobalSection(SolutionProperties) = preSolution
		HideSolutionNode = FALSE
	EndGlobalSection
	GlobalSection(ExtensibilityGlobals) = postSolution
		SolutionGuid = {1AC228F4-708D-45B2-8944-E369F30EAFDC}
	EndGlobalSection
EndGlobal
